// !$*UTF8*$!
{
	archiveVersion = 1;
	classes = {
	};
	objectVersion = 55;
	objects = {

/* Begin PBXBuildFile section */
		F903C2112865695F00BDC01C /* AppDelegate.swift in Sources */ = {isa = PBXBuildFile; fileRef = F903C2102865695F00BDC01C /* AppDelegate.swift */; };
		F903C2132865695F00BDC01C /* SceneDelegate.swift in Sources */ = {isa = PBXBuildFile; fileRef = F903C2122865695F00BDC01C /* SceneDelegate.swift */; };
		F903C21A2865696100BDC01C /* Assets.xcassets in Resources */ = {isa = PBXBuildFile; fileRef = F903C2192865696100BDC01C /* Assets.xcassets */; };
		F903C21D2865696100BDC01C /* LaunchScreen.storyboard in Resources */ = {isa = PBXBuildFile; fileRef = F903C21B2865696100BDC01C /* LaunchScreen.storyboard */; };
		F903C22728656AC500BDC01C /* CharacterVC.swift in Sources */ = {isa = PBXBuildFile; fileRef = F903C22628656AC500BDC01C /* CharacterVC.swift */; };
		F903C22928656B5D00BDC01C /* RickMortyModel.swift in Sources */ = {isa = PBXBuildFile; fileRef = F903C22828656B5C00BDC01C /* RickMortyModel.swift */; };
		F903C22B28656D8B00BDC01C /* UIView-Extension.swift in Sources */ = {isa = PBXBuildFile; fileRef = F903C22A28656D8B00BDC01C /* UIView-Extension.swift */; };
		F903C22D28656E8A00BDC01C /* RMCharacterCell.swift in Sources */ = {isa = PBXBuildFile; fileRef = F903C22C28656E8A00BDC01C /* RMCharacterCell.swift */; };
		F93CAB492866469700C94382 /* UIImageView-Ext.swift in Sources */ = {isa = PBXBuildFile; fileRef = F93CAB482866469700C94382 /* UIImageView-Ext.swift */; };
/* End PBXBuildFile section */

/* Begin PBXFileReference section */
		F903C20D2865695F00BDC01C /* RicknMortyApp.app */ = {isa = PBXFileReference; explicitFileType = wrapper.application; includeInIndex = 0; path = RicknMortyApp.app; sourceTree = BUILT_PRODUCTS_DIR; };
		F903C2102865695F00BDC01C /* AppDelegate.swift */ = {isa = PBXFileReference; lastKnownFileType = sourcecode.swift; path = AppDelegate.swift; sourceTree = "<group>"; };
		F903C2122865695F00BDC01C /* SceneDelegate.swift */ = {isa = PBXFileReference; lastKnownFileType = sourcecode.swift; path = SceneDelegate.swift; sourceTree = "<group>"; };
		F903C2192865696100BDC01C /* Assets.xcassets */ = {isa = PBXFileReference; lastKnownFileType = folder.assetcatalog; path = Assets.xcassets; sourceTree = "<group>"; };
		F903C21C2865696100BDC01C /* Base */ = {isa = PBXFileReference; lastKnownFileType = file.storyboard; name = Base; path = Base.lproj/LaunchScreen.storyboard; sourceTree = "<group>"; };
		F903C21E2865696100BDC01C /* Info.plist */ = {isa = PBXFileReference; lastKnownFileType = text.plist.xml; path = Info.plist; sourceTree = "<group>"; };
		F903C22628656AC500BDC01C /* CharacterVC.swift */ = {isa = PBXFileReference; lastKnownFileType = sourcecode.swift; path = CharacterVC.swift; sourceTree = "<group>"; };
		F903C22828656B5C00BDC01C /* RickMortyModel.swift */ = {isa = PBXFileReference; lastKnownFileType = sourcecode.swift; path = RickMortyModel.swift; sourceTree = "<group>"; };
		F903C22A28656D8B00BDC01C /* UIView-Extension.swift */ = {isa = PBXFileReference; lastKnownFileType = sourcecode.swift; path = "UIView-Extension.swift"; sourceTree = "<group>"; };
		F903C22C28656E8A00BDC01C /* RMCharacterCell.swift */ = {isa = PBXFileReference; lastKnownFileType = sourcecode.swift; path = RMCharacterCell.swift; sourceTree = "<group>"; };
		F93CAB482866469700C94382 /* UIImageView-Ext.swift */ = {isa = PBXFileReference; lastKnownFileType = sourcecode.swift; path = "UIImageView-Ext.swift"; sourceTree = "<group>"; };
/* End PBXFileReference section */

/* Begin PBXFrameworksBuildPhase section */
		F903C20A2865695F00BDC01C /* Frameworks */ = {
			isa = PBXFrameworksBuildPhase;
			buildActionMask = 2147483647;
			files = (
			);
			runOnlyForDeploymentPostprocessing = 0;
		};
/* End PBXFrameworksBuildPhase section */

/* Begin PBXGroup section */
		F903C2042865695F00BDC01C = {
			isa = PBXGroup;
			children = (
				F903C20F2865695F00BDC01C /* RicknMortyApp */,
				F903C20E2865695F00BDC01C /* Products */,
			);
			sourceTree = "<group>";
		};
		F903C20E2865695F00BDC01C /* Products */ = {
			isa = PBXGroup;
			children = (
				F903C20D2865695F00BDC01C /* RicknMortyApp.app */,
			);
			name = Products;
			sourceTree = "<group>";
		};
		F903C20F2865695F00BDC01C /* RicknMortyApp */ = {
			isa = PBXGroup;
			children = (
				F903C2102865695F00BDC01C /* AppDelegate.swift */,
				F903C22628656AC500BDC01C /* CharacterVC.swift */,
				F903C22A28656D8B00BDC01C /* UIView-Extension.swift */,
				F903C22828656B5C00BDC01C /* RickMortyModel.swift */,
				F903C2122865695F00BDC01C /* SceneDelegate.swift */,
				F903C2192865696100BDC01C /* Assets.xcassets */,
				F903C21B2865696100BDC01C /* LaunchScreen.storyboard */,
				F903C21E2865696100BDC01C /* Info.plist */,
				F903C22C28656E8A00BDC01C /* RMCharacterCell.swift */,
				F93CAB482866469700C94382 /* UIImageView-Ext.swift */,
			);
			path = RicknMortyApp;
			sourceTree = "<group>";
		};
/* End PBXGroup section */

/* Begin PBXNativeTarget section */
		F903C20C2865695F00BDC01C /* RicknMortyApp */ = {
			isa = PBXNativeTarget;
			buildConfigurationList = F903C2212865696100BDC01C /* Build configuration list for PBXNativeTarget "RicknMortyApp" */;
			buildPhases = (
				F903C2092865695F00BDC01C /* Sources */,
				F903C20A2865695F00BDC01C /* Frameworks */,
				F903C20B2865695F00BDC01C /* Resources */,
			);
			buildRules = (
			);
			dependencies = (
			);
			name = RicknMortyApp;
			productName = RicknMortyApp;
			productReference = F903C20D2865695F00BDC01C /* RicknMortyApp.app */;
			productType = "com.apple.product-type.application";
		};
/* End PBXNativeTarget section */

/* Begin PBXProject section */
		F903C2052865695F00BDC01C /* Project object */ = {
			isa = PBXProject;
			attributes = {
				BuildIndependentTargetsInParallel = 1;
				LastSwiftUpdateCheck = 1330;
				LastUpgradeCheck = 1330;
				TargetAttributes = {
					F903C20C2865695F00BDC01C = {
						CreatedOnToolsVersion = 13.3.1;
					};
				};
			};
			buildConfigurationList = F903C2082865695F00BDC01C /* Build configuration list for PBXProject "RicknMortyApp" */;
			compatibilityVersion = "Xcode 13.0";
			developmentRegion = en;
			hasScannedForEncodings = 0;
			knownRegions = (
				en,
				Base,
			);
			mainGroup = F903C2042865695F00BDC01C;
			productRefGroup = F903C20E2865695F00BDC01C /* Products */;
			projectDirPath = "";
			projectRoot = "";
			targets = (
				F903C20C2865695F00BDC01C /* RicknMortyApp */,
			);
		};
/* End PBXProject section */

/* Begin PBXResourcesBuildPhase section */
		F903C20B2865695F00BDC01C /* Resources */ = {
			isa = PBXResourcesBuildPhase;
			buildActionMask = 2147483647;
			files = (
				F903C21D2865696100BDC01C /* LaunchScreen.storyboard in Resources */,
				F903C21A2865696100BDC01C /* Assets.xcassets in Resources */,
			);
			runOnlyForDeploymentPostprocessing = 0;
		};
/* End PBXResourcesBuildPhase section */

/* Begin PBXSourcesBuildPhase section */
		F903C2092865695F00BDC01C /* Sources */ = {
			isa = PBXSourcesBuildPhase;
			buildActionMask = 2147483647;
			files = (
				F903C22928656B5D00BDC01C /* RickMortyModel.swift in Sources */,
				F903C2112865695F00BDC01C /* AppDelegate.swift in Sources */,
				F903C22D28656E8A00BDC01C /* RMCharacterCell.swift in Sources */,
				F93CAB492866469700C94382 /* UIImageView-Ext.swift in Sources */,
				F903C22728656AC500BDC01C /* CharacterVC.swift in Sources */,
				F903C22B28656D8B00BDC01C /* UIView-Extension.swift in Sources */,
				F903C2132865695F00BDC01C /* SceneDelegate.swift in Sources */,
			);
			runOnlyForDeploymentPostprocessing = 0;
		};
/* End PBXSourcesBuildPhase section */

/* Begin PBXVariantGroup section */
		F903C21B2865696100BDC01C /* LaunchScreen.storyboard */ = {
			isa = PBXVariantGroup;
			children = (
				F903C21C2865696100BDC01C /* Base */,
			);
			name = LaunchScreen.storyboard;
			sourceTree = "<group>";
		};
/* End PBXVariantGroup section */

/* Begin XCBuildConfiguration section */
		F903C21F2865696100BDC01C /* Debug */ = {
			isa = XCBuildConfiguration;
			buildSettings = {
				ALWAYS_SEARCH_USER_PATHS = NO;
				CLANG_ANALYZER_NONNULL = YES;
				CLANG_ANALYZER_NUMBER_OBJECT_CONVERSION = YES_AGGRESSIVE;
				CLANG_CXX_LANGUAGE_STANDARD = "gnu++17";
				CLANG_ENABLE_MODULES = YES;
				CLANG_ENABLE_OBJC_ARC = YES;
				CLANG_ENABLE_OBJC_WEAK = YES;
				CLANG_WARN_BLOCK_CAPTURE_AUTORELEASING = YES;
				CLANG_WARN_BOOL_CONVERSION = YES;
				CLANG_WARN_COMMA = YES;
				CLANG_WARN_CONSTANT_CONVERSION = YES;
				CLANG_WARN_DEPRECATED_OBJC_IMPLEMENTATIONS = YES;
				CLANG_WARN_DIRECT_OBJC_ISA_USAGE = YES_ERROR;
				CLANG_WARN_DOCUMENTATION_COMMENTS = YES;
				CLANG_WARN_EMPTY_BODY = YES;
				CLANG_WARN_ENUM_CONVERSION = YES;
				CLANG_WARN_INFINITE_RECURSION = YES;
				CLANG_WARN_INT_CONVERSION = YES;
				CLANG_WARN_NON_LITERAL_NULL_CONVERSION = YES;
				CLANG_WARN_OBJC_IMPLICIT_RETAIN_SELF = YES;
				CLANG_WARN_OBJC_LITERAL_CONVERSION = YES;
				CLANG_WARN_OBJC_ROOT_CLASS = YES_ERROR;
				CLANG_WARN_QUOTED_INCLUDE_IN_FRAMEWORK_HEADER = YES;
				CLANG_WARN_RANGE_LOOP_ANALYSIS = YES;
				CLANG_WARN_STRICT_PROTOTYPES = YES;
				CLANG_WARN_SUSPICIOUS_MOVE = YES;
				CLANG_WARN_UNGUARDED_AVAILABILITY = YES_AGGRESSIVE;
				CLANG_WARN_UNREACHABLE_CODE = YES;
				CLANG_WARN__DUPLICATE_METHOD_MATCH = YES;
				COPY_PHASE_STRIP = NO;
				DEBUG_INFORMATION_FORMAT = dwarf;
				ENABLE_STRICT_OBJC_MSGSEND = YES;
				ENABLE_TESTABILITY = YES;
				GCC_C_LANGUAGE_STANDARD = gnu11;
				GCC_DYNAMIC_NO_PIC = NO;
				GCC_NO_COMMON_BLOCKS = YES;
				GCC_OPTIMIZATION_LEVEL = 0;
				GCC_PREPROCESSOR_DEFINITIONS = (
					"DEBUG=1",
					"$(inherited)",
				);
				GCC_WARN_64_TO_32_BIT_CONVERSION = YES;
				GCC_WARN_ABOUT_RETURN_TYPE = YES_ERROR;
				GCC_WARN_UNDECLARED_SELECTOR = YES;
				GCC_WARN_UNINITIALIZED_AUTOS = YES_AGGRESSIVE;
				GCC_WARN_UNUSED_FUNCTION = YES;
				GCC_WARN_UNUSED_VARIABLE = YES;
				IPHONEOS_DEPLOYMENT_TARGET = 15.4;
				MTL_ENABLE_DEBUG_INFO = INCLUDE_SOURCE;
				MTL_FAST_MATH = YES;
				ONLY_ACTIVE_ARCH = YES;
				SDKROOT = iphoneos;
				SWIFT_ACTIVE_COMPILATION_CONDITIONS = DEBUG;
				SWIFT_OPTIMIZATION_LEVEL = "-Onone";
			};
			name = Debug;
		};
		F903C2202865696100BDC01C /* Release */ = {
			isa = XCBuildConfiguration;
			buildSettings = {
				ALWAYS_SEARCH_USER_PATHS = NO;
				CLANG_ANALYZER_NONNULL = YES;
				CLANG_ANALYZER_NUMBER_OBJECT_CONVERSION = YES_AGGRESSIVE;
				CLANG_CXX_LANGUAGE_STANDARD = "gnu++17";
				CLANG_ENABLE_MODULES = YES;
				CLANG_ENABLE_OBJC_ARC = YES;
				CLANG_ENABLE_OBJC_WEAK = YES;
				CLANG_WARN_BLOCK_CAPTURE_AUTORELEASING = YES;
				CLANG_WARN_BOOL_CONVERSION = YES;
				CLANG_WARN_COMMA = YES;
				CLANG_WARN_CONSTANT_CONVERSION = YES;
				CLANG_WARN_DEPRECATED_OBJC_IMPLEMENTATIONS = YES;
				CLANG_WARN_DIRECT_OBJC_ISA_USAGE = YES_ERROR;
				CLANG_WARN_DOCUMENTATION_COMMENTS = YES;
				CLANG_WARN_EMPTY_BODY = YES;
				CLANG_WARN_ENUM_CONVERSION = YES;
				CLANG_WARN_INFINITE_RECURSION = YES;
				CLANG_WARN_INT_CONVERSION = YES;
				CLANG_WARN_NON_LITERAL_NULL_CONVERSION = YES;
				CLANG_WARN_OBJC_IMPLICIT_RETAIN_SELF = YES;
				CLANG_WARN_OBJC_LITERAL_CONVERSION = YES;
				CLANG_WARN_OBJC_ROOT_CLASS = YES_ERROR;
				CLANG_WARN_QUOTED_INCLUDE_IN_FRAMEWORK_HEADER = YES;
				CLANG_WARN_RANGE_LOOP_ANALYSIS = YES;
				CLANG_WARN_STRICT_PROTOTYPES = YES;
				CLANG_WARN_SUSPICIOUS_MOVE = YES;
				CLANG_WARN_UNGUARDED_AVAILABILITY = YES_AGGRESSIVE;
				CLANG_WARN_UNREACHABLE_CODE = YES;
				CLANG_WARN__DUPLICATE_METHOD_MATCH = YES;
				COPY_PHASE_STRIP = NO;
				DEBUG_INFORMATION_FORMAT = "dwarf-with-dsym";
				ENABLE_NS_ASSERTIONS = NO;
				ENABLE_STRICT_OBJC_MSGSEND = YES;
				GCC_C_LANGUAGE_STANDARD = gnu11;
				GCC_NO_COMMON_BLOCKS = YES;
				GCC_WARN_64_TO_32_BIT_CONVERSION = YES;
				GCC_WARN_ABOUT_RETURN_TYPE = YES_ERROR;
				GCC_WARN_UNDECLARED_SELECTOR = YES;
				GCC_WARN_UNINITIALIZED_AUTOS = YES_AGGRESSIVE;
				GCC_WARN_UNUSED_FUNCTION = YES;
				GCC_WARN_UNUSED_VARIABLE = YES;
				IPHONEOS_DEPLOYMENT_TARGET = 15.4;
				MTL_ENABLE_DEBUG_INFO = NO;
				MTL_FAST_MATH = YES;
				SDKROOT = iphoneos;
				SWIFT_COMPILATION_MODE = wholemodule;
				SWIFT_OPTIMIZATION_LEVEL = "-O";
				VALIDATE_PRODUCT = YES;
			};
			name = Release;
		};
		F903C2222865696100BDC01C /* Debug */ = {
			isa = XCBuildConfiguration;
			buildSettings = {
				ASSETCATALOG_COMPILER_APPICON_NAME = AppIcon;
				ASSETCATALOG_COMPILER_GLOBAL_ACCENT_COLOR_NAME = AccentColor;
				CODE_SIGN_STYLE = Automatic;
				CURRENT_PROJECT_VERSION = 1;
				DEVELOPMENT_TEAM = 522L437282;
				GENERATE_INFOPLIST_FILE = YES;
				INFOPLIST_FILE = RicknMortyApp/Info.plist;
				INFOPLIST_KEY_UIApplicationSupportsIndirectInputEvents = YES;
				INFOPLIST_KEY_UILaunchStoryboardName = LaunchScreen;
				INFOPLIST_KEY_UISupportedInterfaceOrientations_iPad = "UIInterfaceOrientationPortrait UIInterfaceOrientationPortraitUpsideDown UIInterfaceOrientationLandscapeLeft UIInterfaceOrientationLandscapeRight";
				INFOPLIST_KEY_UISupportedInterfaceOrientations_iPhone = "UIInterfaceOrientationPortrait UIInterfaceOrientationLandscapeLeft UIInterfaceOrientationLandscapeRight";
				LD_RUNPATH_SEARCH_PATHS = (
					"$(inherited)",
					"@executable_path/Frameworks",
				);
				MARKETING_VERSION = 1.0;
				PRODUCT_BUNDLE_IDENTIFIER = com.example.RicknMortyApp;
				PRODUCT_NAME = "$(TARGET_NAME)";
				SWIFT_EMIT_LOC_STRINGS = YES;
				SWIFT_VERSION = 5.0;
				TARGETED_DEVICE_FAMILY = "1,2";
			};
			name = Debug;
		};
		F903C2232865696100BDC01C /* Release */ = {
			isa = XCBuildConfiguration;
			buildSettings = {
				ASSETCATALOG_COMPILER_APPICON_NAME = AppIcon;
				ASSETCATALOG_COMPILER_GLOBAL_ACCENT_COLOR_NAME = AccentColor;
				CODE_SIGN_STYLE = Automatic;
				CURRENT_PROJECT_VERSION = 1;
				DEVELOPMENT_TEAM = 522L437282;
				GENERATE_INFOPLIST_FILE = YES;
				INFOPLIST_FILE = RicknMortyApp/Info.plist;
				INFOPLIST_KEY_UIApplicationSupportsIndirectInputEvents = YES;
				INFOPLIST_KEY_UILaunchStoryboardName = LaunchScreen;
				INFOPLIST_KEY_UISupportedInterfaceOrientations_iPad = "UIInterfaceOrientationPortrait UIInterfaceOrientationPortraitUpsideDown UIInterfaceOrientationLandscapeLeft UIInterfaceOrientationLandscapeRight";
				INFOPLIST_KEY_UISupportedInterfaceOrientations_iPhone = "UIInterfaceOrientationPortrait UIInterfaceOrientationLandscapeLeft UIInterfaceOrientationLandscapeRight";
				LD_RUNPATH_SEARCH_PATHS = (
					"$(inherited)",
					"@executable_path/Frameworks",
				);
				MARKETING_VERSION = 1.0;
				PRODUCT_BUNDLE_IDENTIFIER = com.example.RicknMortyApp;
				PRODUCT_NAME = "$(TARGET_NAME)";
				SWIFT_EMIT_LOC_STRINGS = YES;
				SWIFT_VERSION = 5.0;
				TARGETED_DEVICE_FAMILY = "1,2";
			};
			name = Release;
		};
/* End XCBuildConfiguration section */

/* Begin XCConfigurationList section */
		F903C2082865695F00BDC01C /* Build configuration list for PBXProject "RicknMortyApp" */ = {
			isa = XCConfigurationList;
			buildConfigurations = (
				F903C21F2865696100BDC01C /* Debug */,
				F903C2202865696100BDC01C /* Release */,
			);
			defaultConfigurationIsVisible = 0;
			defaultConfigurationName = Release;
		};
		F903C2212865696100BDC01C /* Build configuration list for PBXNativeTarget "RicknMortyApp" */ = {
			isa = XCConfigurationList;
			buildConfigurations = (
				F903C2222865696100BDC01C /* Debug */,
				F903C2232865696100BDC01C /* Release */,
			);
			defaultConfigurationIsVisible = 0;
			defaultConfigurationName = Release;
		};
/* End XCConfigurationList section */
	};
	rootObject = F903C2052865695F00BDC01C /* Project object */;
}
